
Microsoft Visual Studio Solution File, Format Version 12.00
# Visual Studio Version 17
VisualStudioVersion = 17.9.34728.123
MinimumVisualStudioVersion = 10.0.40219.1
Project("{9A19103F-16F7-4668-BE54-9A1E7A4F7556}") = "NamespaceCBlurred", "NamespaceCBlurred\NamespaceCBlurred.csproj", "{093F67B6-D3B0-4654-9B0E-9C887D5BC691}"
EndProject
Project("{9A19103F-16F7-4668-BE54-9A1E7A4F7556}") = "NamespaceCBlurred.Data", "NamespaceCBlurred.Data\NamespaceCBlurred.Data.csproj", "{B32886BC-31D1-4793-A1DA-A2CDEFE299E2}"
EndProject
Project("{9A19103F-16F7-4668-BE54-9A1E7A4F7556}") = "NamespaceCBlurred.Business", "NamespaceCBlurred.Business\NamespaceCBlurred.Business.csproj", "{337559C1-3DE8-4881-A06C-3143A942D29C}"
EndProject
Project("{9A19103F-16F7-4668-BE54-9A1E7A4F7556}") = "NamespaceCBlurred.Common", "NamespaceCBlurred.Common\NamespaceCBlurred.Common.csproj", "{1D6F00B5-6489-4463-B320-38F6C88F872A}"
EndProject
Project("{9A19103F-16F7-4668-BE54-9A1E7A4F7556}") = "NamespaceCBlurred.UnitTesting", "NamespaceCBlurred.UnitTesting\NamespaceCBlurred.UnitTesting.csproj", "{A1CA337F-37A4-4471-AA7B-D02E4E1A0992}"
EndProject
Global
	GlobalSection(SolutionConfigurationPlatforms) = preSolution
		Debug|Any CPU = Debug|Any CPU
		Release|Any CPU = Release|Any CPU
	EndGlobalSection
	GlobalSection(ProjectConfigurationPlatforms) = postSolution
		{093F67B6-D3B0-4654-9B0E-9C887D5BC691}.Debug|Any CPU.ActiveCfg = Debug|Any CPU
		{093F67B6-D3B0-4654-9B0E-9C887D5BC691}.Debug|Any CPU.Build.0 = Debug|Any CPU
		{093F67B6-D3B0-4654-9B0E-9C887D5BC691}.Release|Any CPU.ActiveCfg = Release|Any CPU
		{093F67B6-D3B0-4654-9B0E-9C887D5BC691}.Release|Any CPU.Build.0 = Release|Any CPU
		{B32886BC-31D1-4793-A1DA-A2CDEFE299E2}.Debug|Any CPU.ActiveCfg = Debug|Any CPU
		{B32886BC-31D1-4793-A1DA-A2CDEFE299E2}.Debug|Any CPU.Build.0 = Debug|Any CPU
		{B32886BC-31D1-4793-A1DA-A2CDEFE299E2}.Release|Any CPU.ActiveCfg = Release|Any CPU
		{B32886BC-31D1-4793-A1DA-A2CDEFE299E2}.Release|Any CPU.Build.0 = Release|Any CPU
		{337559C1-3DE8-4881-A06C-3143A942D29C}.Debug|Any CPU.ActiveCfg = Debug|Any CPU
		{337559C1-3DE8-4881-A06C-3143A942D29C}.Debug|Any CPU.Build.0 = Debug|Any CPU
		{337559C1-3DE8-4881-A06C-3143A942D29C}.Release|Any CPU.ActiveCfg = Release|Any CPU
		{337559C1-3DE8-4881-A06C-3143A942D29C}.Release|Any CPU.Build.0 = Release|Any CPU
		{1D6F00B5-6489-4463-B320-38F6C88F872A}.Debug|Any CPU.ActiveCfg = Debug|Any CPU
		{1D6F00B5-6489-4463-B320-38F6C88F872A}.Debug|Any CPU.Build.0 = Debug|Any CPU
		{1D6F00B5-6489-4463-B320-38F6C88F872A}.Release|Any CPU.ActiveCfg = Release|Any CPU
		{1D6F00B5-6489-4463-B320-38F6C88F872A}.Release|Any CPU.Build.0 = Release|Any CPU
		{A1CA337F-37A4-4471-AA7B-D02E4E1A0992}.Debug|Any CPU.ActiveCfg = Debug|Any CPU
		{A1CA337F-37A4-4471-AA7B-D02E4E1A0992}.Debug|Any CPU.Build.0 = Debug|Any CPU
		{A1CA337F-37A4-4471-AA7B-D02E4E1A0992}.Release|Any CPU.ActiveCfg = Release|Any CPU
		{A1CA337F-37A4-4471-AA7B-D02E4E1A0992}.Release|Any CPU.Build.0 = Release|Any CPU
	EndGlobalSection
	GlobalSection(SolutionProperties) = preSolution
		HideSolutionNode = FALSE
	EndGlobalSection
	GlobalSection(ExtensibilityGlobals) = postSolution
		SolutionGuid = {09798DE4-EB61-4478-871E-FABBE2DC4A6C}
	EndGlobalSection
EndGlobal
